
Microsoft Visual Studio Solution File, Format Version 12.00
# Visual Studio Version 17
VisualStudioVersion = 17.1.32328.378
MinimumVisualStudioVersion = 10.0.40219.1
Project("{FAE04EC0-301F-11D3-BF4B-00C04F79EFBC}") = "AdessoRideShare", "AdessoRideShare.csproj", "{6B006C08-6069-4E1F-8C83-8789C35672BC}"
EndProject
Global
	GlobalSection(SolutionConfigurationPlatforms) = preSolution
		Debug|Any CPU = Debug|Any CPU
		Release|Any CPU = Release|Any CPU
	EndGlobalSection
	GlobalSection(ProjectConfigurationPlatforms) = postSolution
		{6B006C08-6069-4E1F-8C83-8789C35672BC}.Debug|Any CPU.ActiveCfg = Debug|Any CPU
		{6B006C08-6069-4E1F-8C83-8789C35672BC}.Debug|Any CPU.Build.0 = Debug|Any CPU
		{6B006C08-6069-4E1F-8C83-8789C35672BC}.Release|Any CPU.ActiveCfg = Release|Any CPU
		{6B006C08-6069-4E1F-8C83-8789C35672BC}.Release|Any CPU.Build.0 = Release|Any CPU
	EndGlobalSection
	GlobalSection(SolutionProperties) = preSolution
		HideSolutionNode = FALSE
	EndGlobalSection
	GlobalSection(ExtensibilityGlobals) = postSolution
		SolutionGuid = {9950E007-BFC2-40BE-999F-09C3FFAF41C5}
	EndGlobalSection
EndGlobal
